
Microsoft Visual Studio Solution File, Format Version 12.00
# Visual Studio Version 17
VisualStudioVersion = 17.5.002.0
MinimumVisualStudioVersion = 10.0.40219.1
Project("{9A19103F-16F7-4668-BE54-9A1E7A4F7556}") = "exemploFundamentos", "exemploFundamentos.csproj", "{D417F221-9975-43FC-923B-FF7E66DA841E}"
EndProject
Global
	GlobalSection(SolutionConfigurationPlatforms) = preSolution
		Debug|Any CPU = Debug|Any CPU
		Release|Any CPU = Release|Any CPU
	EndGlobalSection
	GlobalSection(ProjectConfigurationPlatforms) = postSolution
		{D417F221-9975-43FC-923B-FF7E66DA841E}.Debug|Any CPU.ActiveCfg = Debug|Any CPU
		{D417F221-9975-43FC-923B-FF7E66DA841E}.Debug|Any CPU.Build.0 = Debug|Any CPU
		{D417F221-9975-43FC-923B-FF7E66DA841E}.Release|Any CPU.ActiveCfg = Release|Any CPU
		{D417F221-9975-43FC-923B-FF7E66DA841E}.Release|Any CPU.Build.0 = Release|Any CPU
	EndGlobalSection
	GlobalSection(SolutionProperties) = preSolution
		HideSolutionNode = FALSE
	EndGlobalSection
	GlobalSection(ExtensibilityGlobals) = postSolution
		SolutionGuid = {7E114FD4-6566-4EB5-892E-04D04CA77D2C}
	EndGlobalSection
EndGlobal
